<?xml version="1.0" encoding="UTF-8" standalone="yes" ?>
<CodeBlocks_project_file>
	<FileVersion major="1" minor="6" />
	<Project>
		<Option title="5271_ditto" />
		<Option makefile_is_custom="1" />
		<Option execution_dir="../keyhook" />
		<Option pch_mode="2" />
		<Option compiler="gcc" />
		<Build>
			<Target title="Debug">
				<Option output="bin\Debug\5271_ditto" prefix_auto="1" extension_auto="1" />
				<Option object_output="obj\Debug\" />
				<Option type="1" />
				<Option compiler="gcc" />
				<Compiler>
					<Add option="-g" />
				</Compiler>
			</Target>
			<Target title="Release">
				<Option output="bin\5271_ditto" prefix_auto="1" extension_auto="1" />
				<Option object_output="obj\" />
				<Option type="1" />
				<Option compiler="gcc" />
				<Compiler>
					<Add option="-O2" />
				</Compiler>
				<Linker>
					<Add option="-s" />
				</Linker>
			</Target>
			<Target title="ditto">
				<Option output="bin\ditto" prefix_auto="1" extension_auto="1" />
				<Option working_dir="bin" />
				<Option type="1" />
				<Option compiler="gcc" />
				<Option parameters="-lfs -isample.fs_kdprof" />
				<MakeCommands>
					<Build command="$make -f $makefile $target" />
					<CompileFile command="$make -f $makefile $file" />
					<Clean command="$make -f $makefile clean" />
					<DistClean command="$make -f $makefile distclean$target" />
					<AskRebuildNeeded command="$make -q -f $makefile $target" />
					<SilentBuild command="$make -f $makefile $target &gt; $(CMD_NULL)" />
				</MakeCommands>
			</Target>
			<Target title="gen_fs_loader">
				<Option output="bin\generators\gen_fs_loader" prefix_auto="1" extension_auto="1" />
				<Option type="1" />
				<Option compiler="gcc" />
				<MakeCommands>
					<Build command="$make -f $makefile $target" />
					<CompileFile command="$make -f $makefile $file" />
					<Clean command="$make -f $makefile clean" />
					<DistClean command="$make -f $makefile distclean$target" />
					<AskRebuildNeeded command="$make -q -f $makefile $target" />
					<SilentBuild command="$make -f $makefile $target &gt; $(CMD_NULL)" />
				</MakeCommands>
			</Target>
		</Build>
		<Compiler>
			<Add option="-Wall" />
		</Compiler>
		<Unit filename="Makefile">
			<Option target="Debug" />
			<Option target="Release" />
		</Unit>
		<Unit filename="include\ditto.h">
			<Option target="Debug" />
			<Option target="Release" />
			<Option target="ditto" />
		</Unit>
		<Unit filename="include\enforcers\basic_enforcer.h">
			<Option target="Debug" />
			<Option target="Release" />
			<Option target="ditto" />
		</Unit>
		<Unit filename="include\interception.h">
			<Option target="Debug" />
			<Option target="Release" />
		</Unit>
		<Unit filename="include\known_ploaders.h">
			<Option target="Debug" />
			<Option target="Release" />
			<Option target="ditto" />
		</Unit>
		<Unit filename="include\loaders\fs_loader.h">
			<Option target="Debug" />
			<Option target="Release" />
			<Option target="ditto" />
		</Unit>
		<Unit filename="include\profile_enforcer.h">
			<Option target="Debug" />
			<Option target="Release" />
			<Option target="ditto" />
		</Unit>
		<Unit filename="include\profile_loader.h">
			<Option target="Debug" />
			<Option target="Release" />
			<Option target="ditto" />
		</Unit>
		<Unit filename="include\util\semaphore.h" />
		<Unit filename="include\util\timer.h">
			<Option target="Debug" />
			<Option target="Release" />
			<Option target="ditto" />
		</Unit>
		<Unit filename="include\utils.h">
			<Option target="Debug" />
			<Option target="Release" />
		</Unit>
		<Unit filename="src\ditto.cpp">
			<Option target="Debug" />
			<Option target="Release" />
			<Option target="ditto" />
		</Unit>
		<Unit filename="src\ditto_capture.cpp">
			<Option target="Debug" />
			<Option target="Release" />
		</Unit>
		<Unit filename="src\enforcers\basic_enforcer.cpp">
			<Option target="Debug" />
			<Option target="Release" />
			<Option target="ditto" />
		</Unit>
		<Unit filename="src\generate\gen_fs_loader_profile.cpp">
			<Option target="Debug" />
			<Option target="Release" />
			<Option target="ditto" />
		</Unit>
		<Unit filename="src\intercept_example.cpp">
			<Option target="Debug" />
			<Option target="Release" />
		</Unit>
		<Unit filename="src\known_ploaders.cpp">
			<Option target="Debug" />
			<Option target="Release" />
			<Option target="ditto" />
		</Unit>
		<Unit filename="src\loaders\fs_loader.cpp">
			<Option target="Debug" />
			<Option target="Release" />
			<Option target="ditto" />
		</Unit>
		<Unit filename="src\profile_enforcer.cpp">
			<Option target="Debug" />
			<Option target="Release" />
			<Option target="ditto" />
		</Unit>
		<Unit filename="src\profile_loader.cpp">
			<Option target="Debug" />
			<Option target="Release" />
			<Option target="ditto" />
		</Unit>
		<Unit filename="src\python\python_scancodes.cpp">
			<Option target="Debug" />
			<Option target="Release" />
			<Option target="ditto" />
		</Unit>
		<Unit filename="src\util\semaphore.cpp" />
		<Unit filename="src\util\timer.cpp">
			<Option target="Debug" />
			<Option target="Release" />
			<Option target="ditto" />
		</Unit>
		<Unit filename="src\utils.c">
			<Option compilerVar="CC" />
			<Option target="Debug" />
			<Option target="Release" />
		</Unit>
		<Extensions>
			<code_completion />
			<debugger />
			<DoxyBlocks>
				<comment_style block="0" line="0" />
				<doxyfile_project />
				<doxyfile_build />
				<doxyfile_warnings />
				<doxyfile_output />
				<doxyfile_dot />
				<general />
			</DoxyBlocks>
			<envvars />
		</Extensions>
	</Project>
</CodeBlocks_project_file>
