<?xml version="1.0" encoding="UTF-8" standalone="yes" ?>
<CodeBlocks_project_file>
	<FileVersion major="1" minor="6" />
	<Project>
		<Option title="5271_ditto" />
		<Option makefile_is_custom="1" />
		<Option execution_dir="..\keyhook" />
		<Option pch_mode="2" />
		<Option compiler="gcc" />
		<Build>
			<Target title="Debug">
				<Option output="bin\Debug\5271_ditto" prefix_auto="1" extension_auto="1" />
				<Option object_output="obj\Debug\" />
				<Option type="1" />
				<Option compiler="gcc" />
				<Compiler>
					<Add option="-g" />
				</Compiler>
			</Target>
			<Target title="Release">
				<Option output="bin\5271_ditto" prefix_auto="1" extension_auto="1" />
				<Option object_output="obj\" />
				<Option type="1" />
				<Option compiler="gcc" />
				<Compiler>
					<Add option="-O2" />
				</Compiler>
				<Linker>
					<Add option="-s" />
				</Linker>
			</Target>
			<Target title="ditto">
				<Option output="bin\ditto" prefix_auto="1" extension_auto="1" />
				<Option type="1" />
				<Option compiler="gcc" />
				<Option parameters="-lfs -itest_profile" />
			</Target>
		</Build>
		<Compiler>
			<Add option="-Wall" />
		</Compiler>
		<Unit filename="Makefile">
			<Option target="Debug" />
			<Option target="Release" />
		</Unit>
		<Unit filename="include\ditto.h" />
		<Unit filename="include\interception.h">
			<Option target="Debug" />
			<Option target="Release" />
		</Unit>
		<Unit filename="include\known_ploaders.h" />
		<Unit filename="include\loaders\fs_loader.h" />
		<Unit filename="include\profile_loader.h" />
		<Unit filename="include\utils.h">
			<Option target="Debug" />
			<Option target="Release" />
		</Unit>
		<Unit filename="src\ditto.cpp" />
		<Unit filename="src\ditto_capture.cpp">
			<Option target="Debug" />
			<Option target="Release" />
		</Unit>
		<Unit filename="src\fs_loader\fs_loader.cpp" />
		<Unit filename="src\intercept_example.cpp">
			<Option target="Debug" />
			<Option target="Release" />
		</Unit>
		<Unit filename="src\known_ploaders.cpp" />
		<Unit filename="src\profile_loader.cpp" />
		<Unit filename="src\utils.c">
			<Option compilerVar="CC" />
			<Option target="Debug" />
			<Option target="Release" />
		</Unit>
		<Extensions>
			<code_completion />
			<debugger />
		</Extensions>
	</Project>
</CodeBlocks_project_file>
